// !$*UTF8*$!
{
	archiveVersion = 1;
	classes = {
	};
	objectVersion = 46;
	objects = {

/* Begin PBXBuildFile section */
		D834DCBD1D92D71F00F99AAE /* main.m in Sources */ = {isa = PBXBuildFile; fileRef = D834DCBC1D92D71F00F99AAE /* main.m */; };
		D834DCC01D92D71F00F99AAE /* AppDelegate.m in Sources */ = {isa = PBXBuildFile; fileRef = D834DCBF1D92D71F00F99AAE /* AppDelegate.m */; };
		D834DCC71D92D71F00F99AAE /* GameScene.m in Sources */ = {isa = PBXBuildFile; fileRef = D834DCC61D92D71F00F99AAE /* GameScene.m */; };
		D834DCCA1D92D71F00F99AAE /* GameViewController.m in Sources */ = {isa = PBXBuildFile; fileRef = D834DCC91D92D71F00F99AAE /* GameViewController.m */; };
		D834DCCD1D92D71F00F99AAE /* Main.storyboard in Resources */ = {isa = PBXBuildFile; fileRef = D834DCCB1D92D71F00F99AAE /* Main.storyboard */; };
		D834DCCF1D92D71F00F99AAE /* Assets.xcassets in Resources */ = {isa = PBXBuildFile; fileRef = D834DCCE1D92D71F00F99AAE /* Assets.xcassets */; };
		D834DCD21D92D71F00F99AAE /* LaunchScreen.storyboard in Resources */ = {isa = PBXBuildFile; fileRef = D834DCD01D92D71F00F99AAE /* LaunchScreen.storyboard */; };
		D834DCDD1D92D71F00F99AAE /* SeeBattleTests.m in Sources */ = {isa = PBXBuildFile; fileRef = D834DCDC1D92D71F00F99AAE /* SeeBattleTests.m */; };
		D834DD581D9311D500F99AAE /* Actions.sks in Resources */ = {isa = PBXBuildFile; fileRef = D834DD571D9311D500F99AAE /* Actions.sks */; };
		D834DD5A1D9311E000F99AAE /* GameScene.sks in Resources */ = {isa = PBXBuildFile; fileRef = D834DD591D9311DF00F99AAE /* GameScene.sks */; };
		D834DD631D934C7800F99AAE /* Geometry_Calculations.m in Sources */ = {isa = PBXBuildFile; fileRef = D834DD621D934C7800F99AAE /* Geometry_Calculations.m */; };
/* End PBXBuildFile section */

/* Begin PBXContainerItemProxy section */
		D834DCD91D92D71F00F99AAE /* PBXContainerItemProxy */ = {
			isa = PBXContainerItemProxy;
			containerPortal = D834DCB01D92D71F00F99AAE /* Project object */;
			proxyType = 1;
			remoteGlobalIDString = D834DCB71D92D71F00F99AAE;
			remoteInfo = SeeBattle;
		};
/* End PBXContainerItemProxy section */

/* Begin PBXFileReference section */
		D834DCB81D92D71F00F99AAE /* SeaBattle.app */ = {isa = PBXFileReference; explicitFileType = wrapper.application; includeInIndex = 0; path = SeaBattle.app; sourceTree = BUILT_PRODUCTS_DIR; };
		D834DCBC1D92D71F00F99AAE /* main.m */ = {isa = PBXFileReference; lastKnownFileType = sourcecode.c.objc; path = main.m; sourceTree = "<group>"; };
		D834DCBE1D92D71F00F99AAE /* AppDelegate.h */ = {isa = PBXFileReference; lastKnownFileType = sourcecode.c.h; path = AppDelegate.h; sourceTree = "<group>"; };
		D834DCBF1D92D71F00F99AAE /* AppDelegate.m */ = {isa = PBXFileReference; lastKnownFileType = sourcecode.c.objc; path = AppDelegate.m; sourceTree = "<group>"; };
		D834DCC51D92D71F00F99AAE /* GameScene.h */ = {isa = PBXFileReference; lastKnownFileType = sourcecode.c.h; path = GameScene.h; sourceTree = "<group>"; };
		D834DCC61D92D71F00F99AAE /* GameScene.m */ = {isa = PBXFileReference; lastKnownFileType = sourcecode.c.objc; path = GameScene.m; sourceTree = "<group>"; };
		D834DCC81D92D71F00F99AAE /* GameViewController.h */ = {isa = PBXFileReference; lastKnownFileType = sourcecode.c.h; path = GameViewController.h; sourceTree = "<group>"; };
		D834DCC91D92D71F00F99AAE /* GameViewController.m */ = {isa = PBXFileReference; lastKnownFileType = sourcecode.c.objc; path = GameViewController.m; sourceTree = "<group>"; };
		D834DCCC1D92D71F00F99AAE /* Base */ = {isa = PBXFileReference; lastKnownFileType = file.storyboard; name = Base; path = Base.lproj/Main.storyboard; sourceTree = "<group>"; };
		D834DCCE1D92D71F00F99AAE /* Assets.xcassets */ = {isa = PBXFileReference; lastKnownFileType = folder.assetcatalog; path = Assets.xcassets; sourceTree = "<group>"; };
		D834DCD11D92D71F00F99AAE /* Base */ = {isa = PBXFileReference; lastKnownFileType = file.storyboard; name = Base; path = Base.lproj/LaunchScreen.storyboard; sourceTree = "<group>"; };
		D834DCD31D92D71F00F99AAE /* Info.plist */ = {isa = PBXFileReference; lastKnownFileType = text.plist.xml; path = Info.plist; sourceTree = "<group>"; };
		D834DCD81D92D71F00F99AAE /* SeaBattleTests.xctest */ = {isa = PBXFileReference; explicitFileType = wrapper.cfbundle; includeInIndex = 0; path = SeaBattleTests.xctest; sourceTree = BUILT_PRODUCTS_DIR; };
		D834DCDC1D92D71F00F99AAE /* SeeBattleTests.m */ = {isa = PBXFileReference; lastKnownFileType = sourcecode.c.objc; path = SeeBattleTests.m; sourceTree = "<group>"; };
		D834DCDE1D92D71F00F99AAE /* Info.plist */ = {isa = PBXFileReference; lastKnownFileType = text.plist.xml; path = Info.plist; sourceTree = "<group>"; };
		D834DD571D9311D500F99AAE /* Actions.sks */ = {isa = PBXFileReference; lastKnownFileType = file.sks; name = Actions.sks; path = ../../GameExample/GameExample/GameExample/Actions.sks; sourceTree = "<group>"; };
		D834DD591D9311DF00F99AAE /* GameScene.sks */ = {isa = PBXFileReference; lastKnownFileType = file.sks; name = GameScene.sks; path = ../../GameExample/GameExample/GameExample/GameScene.sks; sourceTree = "<group>"; };
		D834DD611D934C7800F99AAE /* Geometry_Calculations.h */ = {isa = PBXFileReference; fileEncoding = 4; lastKnownFileType = sourcecode.c.h; path = Geometry_Calculations.h; sourceTree = "<group>"; };
		D834DD621D934C7800F99AAE /* Geometry_Calculations.m */ = {isa = PBXFileReference; fileEncoding = 4; lastKnownFileType = sourcecode.c.objc; path = Geometry_Calculations.m; sourceTree = "<group>"; };
		D86BB5DA1D94956C00DD013A /* Settings.h */ = {isa = PBXFileReference; fileEncoding = 4; lastKnownFileType = sourcecode.c.h; path = Settings.h; sourceTree = "<group>"; };
/* End PBXFileReference section */

/* Begin PBXFrameworksBuildPhase section */
		D834DCB51D92D71F00F99AAE /* Frameworks */ = {
			isa = PBXFrameworksBuildPhase;
			buildActionMask = 2147483647;
			files = (
			);
			runOnlyForDeploymentPostprocessing = 0;
		};
		D834DCD51D92D71F00F99AAE /* Frameworks */ = {
			isa = PBXFrameworksBuildPhase;
			buildActionMask = 2147483647;
			files = (
			);
			runOnlyForDeploymentPostprocessing = 0;
		};
/* End PBXFrameworksBuildPhase section */

/* Begin PBXGroup section */
		D834DCAF1D92D71F00F99AAE = {
			isa = PBXGroup;
			children = (
				D834DCBA1D92D71F00F99AAE /* SeeBattle */,
				D834DCDB1D92D71F00F99AAE /* SeeBattleTests */,
				D834DCB91D92D71F00F99AAE /* Products */,
			);
			sourceTree = "<group>";
		};
		D834DCB91D92D71F00F99AAE /* Products */ = {
			isa = PBXGroup;
			children = (
				D834DCB81D92D71F00F99AAE /* SeaBattle.app */,
				D834DCD81D92D71F00F99AAE /* SeaBattleTests.xctest */,
			);
			name = Products;
			sourceTree = "<group>";
		};
		D834DCBA1D92D71F00F99AAE /* SeeBattle */ = {
			isa = PBXGroup;
			children = (
				D834DCBE1D92D71F00F99AAE /* AppDelegate.h */,
				D834DCBF1D92D71F00F99AAE /* AppDelegate.m */,
				D834DD591D9311DF00F99AAE /* GameScene.sks */,
				D834DD571D9311D500F99AAE /* Actions.sks */,
				D834DCC51D92D71F00F99AAE /* GameScene.h */,
				D834DCC61D92D71F00F99AAE /* GameScene.m */,
				D834DCC81D92D71F00F99AAE /* GameViewController.h */,
				D834DCC91D92D71F00F99AAE /* GameViewController.m */,
				D834DCCB1D92D71F00F99AAE /* Main.storyboard */,
				D834DCCE1D92D71F00F99AAE /* Assets.xcassets */,
				D834DCD01D92D71F00F99AAE /* LaunchScreen.storyboard */,
				D834DCD31D92D71F00F99AAE /* Info.plist */,
				D834DCBB1D92D71F00F99AAE /* Supporting Files */,
				D834DD611D934C7800F99AAE /* Geometry_Calculations.h */,
				D834DD621D934C7800F99AAE /* Geometry_Calculations.m */,
				D86BB5DA1D94956C00DD013A /* Settings.h */,
			);
			path = SeeBattle;
			sourceTree = "<group>";
		};
		D834DCBB1D92D71F00F99AAE /* Supporting Files */ = {
			isa = PBXGroup;
			children = (
				D834DCBC1D92D71F00F99AAE /* main.m */,
			);
			name = "Supporting Files";
			sourceTree = "<group>";
		};
		D834DCDB1D92D71F00F99AAE /* SeeBattleTests */ = {
			isa = PBXGroup;
			children = (
				D834DCDC1D92D71F00F99AAE /* SeeBattleTests.m */,
				D834DCDE1D92D71F00F99AAE /* Info.plist */,
			);
			path = SeeBattleTests;
			sourceTree = "<group>";
		};
/* End PBXGroup section */

/* Begin PBXNativeTarget section */
		D834DCB71D92D71F00F99AAE /* SeaBattle */ = {
			isa = PBXNativeTarget;
			buildConfigurationList = D834DCE11D92D71F00F99AAE /* Build configuration list for PBXNativeTarget "SeaBattle" */;
			buildPhases = (
				D834DCB41D92D71F00F99AAE /* Sources */,
				D834DCB51D92D71F00F99AAE /* Frameworks */,
				D834DCB61D92D71F00F99AAE /* Resources */,
			);
			buildRules = (
			);
			dependencies = (
			);
			name = SeaBattle;
			productName = SeeBattle;
			productReference = D834DCB81D92D71F00F99AAE /* SeaBattle.app */;
			productType = "com.apple.product-type.application";
		};
		D834DCD71D92D71F00F99AAE /* SeaBattleTests */ = {
			isa = PBXNativeTarget;
			buildConfigurationList = D834DCE41D92D71F00F99AAE /* Build configuration list for PBXNativeTarget "SeaBattleTests" */;
			buildPhases = (
				D834DCD41D92D71F00F99AAE /* Sources */,
				D834DCD51D92D71F00F99AAE /* Frameworks */,
				D834DCD61D92D71F00F99AAE /* Resources */,
			);
			buildRules = (
			);
			dependencies = (
				D834DCDA1D92D71F00F99AAE /* PBXTargetDependency */,
			);
			name = SeaBattleTests;
			productName = SeeBattleTests;
			productReference = D834DCD81D92D71F00F99AAE /* SeaBattleTests.xctest */;
			productType = "com.apple.product-type.bundle.unit-test";
		};
/* End PBXNativeTarget section */

/* Begin PBXProject section */
		D834DCB01D92D71F00F99AAE /* Project object */ = {
			isa = PBXProject;
			attributes = {
				LastUpgradeCheck = 0800;
				ORGANIZATIONNAME = "Maxim Bublovskiy";
				TargetAttributes = {
					D834DCB71D92D71F00F99AAE = {
						CreatedOnToolsVersion = 8.0;
						ProvisioningStyle = Automatic;
					};
					D834DCD71D92D71F00F99AAE = {
						CreatedOnToolsVersion = 8.0;
						ProvisioningStyle = Automatic;
						TestTargetID = D834DCB71D92D71F00F99AAE;
					};
				};
			};
			buildConfigurationList = D834DCB31D92D71F00F99AAE /* Build configuration list for PBXProject "SeaBattle" */;
			compatibilityVersion = "Xcode 3.2";
			developmentRegion = English;
			hasScannedForEncodings = 0;
			knownRegions = (
				en,
				Base,
			);
			mainGroup = D834DCAF1D92D71F00F99AAE;
			productRefGroup = D834DCB91D92D71F00F99AAE /* Products */;
			projectDirPath = "";
			projectRoot = "";
			targets = (
				D834DCB71D92D71F00F99AAE /* SeaBattle */,
				D834DCD71D92D71F00F99AAE /* SeaBattleTests */,
			);
		};
/* End PBXProject section */

/* Begin PBXResourcesBuildPhase section */
		D834DCB61D92D71F00F99AAE /* Resources */ = {
			isa = PBXResourcesBuildPhase;
			buildActionMask = 2147483647;
			files = (
				D834DCCD1D92D71F00F99AAE /* Main.storyboard in Resources */,
				D834DD5A1D9311E000F99AAE /* GameScene.sks in Resources */,
				D834DCCF1D92D71F00F99AAE /* Assets.xcassets in Resources */,
				D834DCD21D92D71F00F99AAE /* LaunchScreen.storyboard in Resources */,
				D834DD581D9311D500F99AAE /* Actions.sks in Resources */,
			);
			runOnlyForDeploymentPostprocessing = 0;
		};
		D834DCD61D92D71F00F99AAE /* Resources */ = {
			isa = PBXResourcesBuildPhase;
			buildActionMask = 2147483647;
			files = (
			);
			runOnlyForDeploymentPostprocessing = 0;
		};
/* End PBXResourcesBuildPhase section */

/* Begin PBXSourcesBuildPhase section */
		D834DCB41D92D71F00F99AAE /* Sources */ = {
			isa = PBXSourcesBuildPhase;
			buildActionMask = 2147483647;
			files = (
				D834DCCA1D92D71F00F99AAE /* GameViewController.m in Sources */,
				D834DD631D934C7800F99AAE /* Geometry_Calculations.m in Sources */,
				D834DCC01D92D71F00F99AAE /* AppDelegate.m in Sources */,
				D834DCC71D92D71F00F99AAE /* GameScene.m in Sources */,
				D834DCBD1D92D71F00F99AAE /* main.m in Sources */,
			);
			runOnlyForDeploymentPostprocessing = 0;
		};
		D834DCD41D92D71F00F99AAE /* Sources */ = {
			isa = PBXSourcesBuildPhase;
			buildActionMask = 2147483647;
			files = (
				D834DCDD1D92D71F00F99AAE /* SeeBattleTests.m in Sources */,
			);
			runOnlyForDeploymentPostprocessing = 0;
		};
/* End PBXSourcesBuildPhase section */

/* Begin PBXTargetDependency section */
		D834DCDA1D92D71F00F99AAE /* PBXTargetDependency */ = {
			isa = PBXTargetDependency;
			target = D834DCB71D92D71F00F99AAE /* SeaBattle */;
			targetProxy = D834DCD91D92D71F00F99AAE /* PBXContainerItemProxy */;
		};
/* End PBXTargetDependency section */

/* Begin PBXVariantGroup section */
		D834DCCB1D92D71F00F99AAE /* Main.storyboard */ = {
			isa = PBXVariantGroup;
			children = (
				D834DCCC1D92D71F00F99AAE /* Base */,
			);
			name = Main.storyboard;
			sourceTree = "<group>";
		};
		D834DCD01D92D71F00F99AAE /* LaunchScreen.storyboard */ = {
			isa = PBXVariantGroup;
			children = (
				D834DCD11D92D71F00F99AAE /* Base */,
			);
			name = LaunchScreen.storyboard;
			sourceTree = "<group>";
		};
/* End PBXVariantGroup section */

/* Begin XCBuildConfiguration section */
		D834DCDF1D92D71F00F99AAE /* Debug */ = {
			isa = XCBuildConfiguration;
			buildSettings = {
				ALWAYS_SEARCH_USER_PATHS = NO;
				CLANG_ANALYZER_NONNULL = YES;
				CLANG_CXX_LANGUAGE_STANDARD = "gnu++0x";
				CLANG_CXX_LIBRARY = "libc++";
				CLANG_ENABLE_MODULES = YES;
				CLANG_ENABLE_OBJC_ARC = YES;
				CLANG_WARN_BOOL_CONVERSION = YES;
				CLANG_WARN_CONSTANT_CONVERSION = YES;
				CLANG_WARN_DIRECT_OBJC_ISA_USAGE = YES_ERROR;
				CLANG_WARN_DOCUMENTATION_COMMENTS = YES;
				CLANG_WARN_EMPTY_BODY = YES;
				CLANG_WARN_ENUM_CONVERSION = YES;
				CLANG_WARN_INFINITE_RECURSION = YES;
				CLANG_WARN_INT_CONVERSION = YES;
				CLANG_WARN_OBJC_ROOT_CLASS = YES_ERROR;
				CLANG_WARN_SUSPICIOUS_MOVES = YES;
				CLANG_WARN_UNREACHABLE_CODE = YES;
				CLANG_WARN__DUPLICATE_METHOD_MATCH = YES;
				"CODE_SIGN_IDENTITY[sdk=iphoneos*]" = "iPhone Developer";
				COPY_PHASE_STRIP = NO;
				DEBUG_INFORMATION_FORMAT = dwarf;
				ENABLE_STRICT_OBJC_MSGSEND = YES;
				ENABLE_TESTABILITY = YES;
				GCC_C_LANGUAGE_STANDARD = gnu99;
				GCC_DYNAMIC_NO_PIC = NO;
				GCC_NO_COMMON_BLOCKS = YES;
				GCC_OPTIMIZATION_LEVEL = 0;
				GCC_PREPROCESSOR_DEFINITIONS = (
					"DEBUG=1",
					"$(inherited)",
				);
				GCC_WARN_64_TO_32_BIT_CONVERSION = YES;
				GCC_WARN_ABOUT_RETURN_TYPE = YES_ERROR;
				GCC_WARN_UNDECLARED_SELECTOR = YES;
				GCC_WARN_UNINITIALIZED_AUTOS = YES_AGGRESSIVE;
				GCC_WARN_UNUSED_FUNCTION = YES;
				GCC_WARN_UNUSED_VARIABLE = YES;
				IPHONEOS_DEPLOYMENT_TARGET = 10.0;
				MTL_ENABLE_DEBUG_INFO = YES;
				ONLY_ACTIVE_ARCH = YES;
				SDKROOT = iphoneos;
				TARGETED_DEVICE_FAMILY = "1,2";
			};
			name = Debug;
		};
		D834DCE01D92D71F00F99AAE /* Release */ = {
			isa = XCBuildConfiguration;
			buildSettings = {
				ALWAYS_SEARCH_USER_PATHS = NO;
				CLANG_ANALYZER_NONNULL = YES;
				CLANG_CXX_LANGUAGE_STANDARD = "gnu++0x";
				CLANG_CXX_LIBRARY = "libc++";
				CLANG_ENABLE_MODULES = YES;
				CLANG_ENABLE_OBJC_ARC = YES;
				CLANG_WARN_BOOL_CONVERSION = YES;
				CLANG_WARN_CONSTANT_CONVERSION = YES;
				CLANG_WARN_DIRECT_OBJC_ISA_USAGE = YES_ERROR;
				CLANG_WARN_DOCUMENTATION_COMMENTS = YES;
				CLANG_WARN_EMPTY_BODY = YES;
				CLANG_WARN_ENUM_CONVERSION = YES;
				CLANG_WARN_INFINITE_RECURSION = YES;
				CLANG_WARN_INT_CONVERSION = YES;
				CLANG_WARN_OBJC_ROOT_CLASS = YES_ERROR;
				CLANG_WARN_SUSPICIOUS_MOVES = YES;
				CLANG_WARN_UNREACHABLE_CODE = YES;
				CLANG_WARN__DUPLICATE_METHOD_MATCH = YES;
				"CODE_SIGN_IDENTITY[sdk=iphoneos*]" = "iPhone Developer";
				COPY_PHASE_STRIP = NO;
				DEBUG_INFORMATION_FORMAT = "dwarf-with-dsym";
				ENABLE_NS_ASSERTIONS = NO;
				ENABLE_STRICT_OBJC_MSGSEND = YES;
				GCC_C_LANGUAGE_STANDARD = gnu99;
				GCC_NO_COMMON_BLOCKS = YES;
				GCC_WARN_64_TO_32_BIT_CONVERSION = YES;
				GCC_WARN_ABOUT_RETURN_TYPE = YES_ERROR;
				GCC_WARN_UNDECLARED_SELECTOR = YES;
				GCC_WARN_UNINITIALIZED_AUTOS = YES_AGGRESSIVE;
				GCC_WARN_UNUSED_FUNCTION = YES;
				GCC_WARN_UNUSED_VARIABLE = YES;
				IPHONEOS_DEPLOYMENT_TARGET = 10.0;
				MTL_ENABLE_DEBUG_INFO = NO;
				SDKROOT = iphoneos;
				TARGETED_DEVICE_FAMILY = "1,2";
				VALIDATE_PRODUCT = YES;
			};
			name = Release;
		};
		D834DCE21D92D71F00F99AAE /* Debug */ = {
			isa = XCBuildConfiguration;
			buildSettings = {
				ASSETCATALOG_COMPILER_APPICON_NAME = AppIcon;
				INFOPLIST_FILE = SeeBattle/Info.plist;
				LD_RUNPATH_SEARCH_PATHS = "$(inherited) @executable_path/Frameworks";
				PRODUCT_BUNDLE_IDENTIFIER = "Maxim-Bublovskiy.SeeBattle";
				PRODUCT_NAME = "$(TARGET_NAME)";
			};
			name = Debug;
		};
		D834DCE31D92D71F00F99AAE /* Release */ = {
			isa = XCBuildConfiguration;
			buildSettings = {
				ASSETCATALOG_COMPILER_APPICON_NAME = AppIcon;
				INFOPLIST_FILE = SeeBattle/Info.plist;
				LD_RUNPATH_SEARCH_PATHS = "$(inherited) @executable_path/Frameworks";
				PRODUCT_BUNDLE_IDENTIFIER = "Maxim-Bublovskiy.SeeBattle";
				PRODUCT_NAME = "$(TARGET_NAME)";
			};
			name = Release;
		};
		D834DCE51D92D71F00F99AAE /* Debug */ = {
			isa = XCBuildConfiguration;
			buildSettings = {
				BUNDLE_LOADER = "$(TEST_HOST)";
				INFOPLIST_FILE = SeeBattleTests/Info.plist;
				LD_RUNPATH_SEARCH_PATHS = "$(inherited) @executable_path/Frameworks @loader_path/Frameworks";
				PRODUCT_BUNDLE_IDENTIFIER = "Maxim-Bublovskiy.SeeBattleTests";
				PRODUCT_NAME = "$(TARGET_NAME)";
				TEST_HOST = "$(BUILT_PRODUCTS_DIR)/SeaBattle.app/SeaBattle";
			};
			name = Debug;
		};
		D834DCE61D92D71F00F99AAE /* Release */ = {
			isa = XCBuildConfiguration;
			buildSettings = {
				BUNDLE_LOADER = "$(TEST_HOST)";
				INFOPLIST_FILE = SeeBattleTests/Info.plist;
				LD_RUNPATH_SEARCH_PATHS = "$(inherited) @executable_path/Frameworks @loader_path/Frameworks";
				PRODUCT_BUNDLE_IDENTIFIER = "Maxim-Bublovskiy.SeeBattleTests";
				PRODUCT_NAME = "$(TARGET_NAME)";
				TEST_HOST = "$(BUILT_PRODUCTS_DIR)/SeaBattle.app/SeaBattle";
			};
			name = Release;
		};
/* End XCBuildConfiguration section */

/* Begin XCConfigurationList section */
		D834DCB31D92D71F00F99AAE /* Build configuration list for PBXProject "SeaBattle" */ = {
			isa = XCConfigurationList;
			buildConfigurations = (
				D834DCDF1D92D71F00F99AAE /* Debug */,
				D834DCE01D92D71F00F99AAE /* Release */,
			);
			defaultConfigurationIsVisible = 0;
			defaultConfigurationName = Release;
		};
		D834DCE11D92D71F00F99AAE /* Build configuration list for PBXNativeTarget "SeaBattle" */ = {
			isa = XCConfigurationList;
			buildConfigurations = (
				D834DCE21D92D71F00F99AAE /* Debug */,
				D834DCE31D92D71F00F99AAE /* Release */,
			);
			defaultConfigurationIsVisible = 0;
			defaultConfigurationName = Release;
		};
		D834DCE41D92D71F00F99AAE /* Build configuration list for PBXNativeTarget "SeaBattleTests" */ = {
			isa = XCConfigurationList;
			buildConfigurations = (
				D834DCE51D92D71F00F99AAE /* Debug */,
				D834DCE61D92D71F00F99AAE /* Release */,
			);
			defaultConfigurationIsVisible = 0;
			defaultConfigurationName = Release;
		};
/* End XCConfigurationList section */
	};
	rootObject = D834DCB01D92D71F00F99AAE /* Project object */;
}
